
Microsoft Visual Studio Solution File, Format Version 12.00
# Visual Studio Version 17
VisualStudioVersion = 17.12.35527.113
MinimumVisualStudioVersion = 10.0.40219.1
Project("{FAE04EC0-301F-11D3-BF4B-00C04F79EFBC}") = "ThothSystemVersion1", "ThothSystemVersion1.csproj", "{DAD1D6C1-EBCA-4485-9F89-EF68F95845BB}"
EndProject
Global
	GlobalSection(SolutionConfigurationPlatforms) = preSolution
		Debug|Any CPU = Debug|Any CPU
		Release|Any CPU = Release|Any CPU
	EndGlobalSection
	GlobalSection(ProjectConfigurationPlatforms) = postSolution
		{DAD1D6C1-EBCA-4485-9F89-EF68F95845BB}.Debug|Any CPU.ActiveCfg = Debug|Any CPU
		{DAD1D6C1-EBCA-4485-9F89-EF68F95845BB}.Debug|Any CPU.Build.0 = Debug|Any CPU
		{DAD1D6C1-EBCA-4485-9F89-EF68F95845BB}.Release|Any CPU.ActiveCfg = Release|Any CPU
		{DAD1D6C1-EBCA-4485-9F89-EF68F95845BB}.Release|Any CPU.Build.0 = Release|Any CPU
	EndGlobalSection
	GlobalSection(SolutionProperties) = preSolution
		HideSolutionNode = FALSE
	EndGlobalSection
EndGlobal
